
Microsoft Visual Studio Solution File, Format Version 12.00
# Visual Studio Version 17
VisualStudioVersion = 17.10.35013.160
MinimumVisualStudioVersion = 10.0.40219.1
Project("{9A19103F-16F7-4668-BE54-9A1E7A4F7556}") = "Nectia.Api", "Nectia.Api\Nectia.Api.csproj", "{FD216385-8060-452F-83A8-6FAB82457830}"
EndProject
Project("{9A19103F-16F7-4668-BE54-9A1E7A4F7556}") = "Models", "Models\Models.csproj", "{EFA88502-2EBC-4E5A-9F1C-ABD0D87BFF21}"
EndProject
Project("{FAE04EC0-301F-11D3-BF4B-00C04F79EFBC}") = "Nectia.Web", "Nectia.Web\Nectia.Web.csproj", "{0179BB3E-FCEF-4C90-B80A-77648FF62F63}"
EndProject
Global
	GlobalSection(SolutionConfigurationPlatforms) = preSolution
		Debug|Any CPU = Debug|Any CPU
		Release|Any CPU = Release|Any CPU
	EndGlobalSection
	GlobalSection(ProjectConfigurationPlatforms) = postSolution
		{FD216385-8060-452F-83A8-6FAB82457830}.Debug|Any CPU.ActiveCfg = Debug|Any CPU
		{FD216385-8060-452F-83A8-6FAB82457830}.Debug|Any CPU.Build.0 = Debug|Any CPU
		{FD216385-8060-452F-83A8-6FAB82457830}.Release|Any CPU.ActiveCfg = Release|Any CPU
		{FD216385-8060-452F-83A8-6FAB82457830}.Release|Any CPU.Build.0 = Release|Any CPU
		{EFA88502-2EBC-4E5A-9F1C-ABD0D87BFF21}.Debug|Any CPU.ActiveCfg = Debug|Any CPU
		{EFA88502-2EBC-4E5A-9F1C-ABD0D87BFF21}.Debug|Any CPU.Build.0 = Debug|Any CPU
		{EFA88502-2EBC-4E5A-9F1C-ABD0D87BFF21}.Release|Any CPU.ActiveCfg = Release|Any CPU
		{EFA88502-2EBC-4E5A-9F1C-ABD0D87BFF21}.Release|Any CPU.Build.0 = Release|Any CPU
		{0179BB3E-FCEF-4C90-B80A-77648FF62F63}.Debug|Any CPU.ActiveCfg = Debug|Any CPU
		{0179BB3E-FCEF-4C90-B80A-77648FF62F63}.Debug|Any CPU.Build.0 = Debug|Any CPU
		{0179BB3E-FCEF-4C90-B80A-77648FF62F63}.Release|Any CPU.ActiveCfg = Release|Any CPU
		{0179BB3E-FCEF-4C90-B80A-77648FF62F63}.Release|Any CPU.Build.0 = Release|Any CPU
	EndGlobalSection
	GlobalSection(SolutionProperties) = preSolution
		HideSolutionNode = FALSE
	EndGlobalSection
	GlobalSection(ExtensibilityGlobals) = postSolution
		SolutionGuid = {211310A2-7344-41E5-8AA0-1FB9F19DF0D0}
	EndGlobalSection
EndGlobal
